
Microsoft Visual Studio Solution File, Format Version 12.00
# Visual Studio Version 17
VisualStudioVersion = 17.2.32630.192
MinimumVisualStudioVersion = 10.0.40219.1
Project("{FAE04EC0-301F-11D3-BF4B-00C04F79EFBC}") = "MvcMovie", "MvcMovie\MvcMovie.csproj", "{11A40A79-7226-4FA1-A11D-4A9D975DA892}"
EndProject
Global
	GlobalSection(SolutionConfigurationPlatforms) = preSolution
		Debug|Any CPU = Debug|Any CPU
		Release|Any CPU = Release|Any CPU
	EndGlobalSection
	GlobalSection(ProjectConfigurationPlatforms) = postSolution
		{11A40A79-7226-4FA1-A11D-4A9D975DA892}.Debug|Any CPU.ActiveCfg = Debug|Any CPU
		{11A40A79-7226-4FA1-A11D-4A9D975DA892}.Debug|Any CPU.Build.0 = Debug|Any CPU
		{11A40A79-7226-4FA1-A11D-4A9D975DA892}.Release|Any CPU.ActiveCfg = Release|Any CPU
		{11A40A79-7226-4FA1-A11D-4A9D975DA892}.Release|Any CPU.Build.0 = Release|Any CPU
	EndGlobalSection
	GlobalSection(SolutionProperties) = preSolution
		HideSolutionNode = FALSE
	EndGlobalSection
	GlobalSection(ExtensibilityGlobals) = postSolution
		SolutionGuid = {C819883F-E265-4F97-866B-ED4D16C7CAFC}
	EndGlobalSection
EndGlobal
